// !$*UTF8*$!
{
	archiveVersion = 1;
	classes = {
	};
	objectVersion = 46;
	objects = {

/* Begin PBXBuildFile section */
		7734C5801AC146E70023B4A2 /* FavoriteTableViewController.swift in Sources */ = {isa = PBXBuildFile; fileRef = 7734C57F1AC146E70023B4A2 /* FavoriteTableViewController.swift */; };
		7734C5861AC167220023B4A2 /* Data.plist in Resources */ = {isa = PBXBuildFile; fileRef = 7734C5851AC167220023B4A2 /* Data.plist */; };
		77A184C61AD415E200E40161 /* star.png in Resources */ = {isa = PBXBuildFile; fileRef = 77A184C41AD415E200E40161 /* star.png */; };
		77A184C71AD415E200E40161 /* un_star.png in Resources */ = {isa = PBXBuildFile; fileRef = 77A184C51AD415E200E40161 /* un_star.png */; };
		77AB23851ABBB4D3005E7499 /* BikeData.swift in Sources */ = {isa = PBXBuildFile; fileRef = 77AB23821ABBB4D3005E7499 /* BikeData.swift */; };
		77AB23861ABBB4D3005E7499 /* BikeDetail.swift in Sources */ = {isa = PBXBuildFile; fileRef = 77AB23831ABBB4D3005E7499 /* BikeDetail.swift */; };
		77AB23871ABBB4D3005E7499 /* BikeViewData.swift in Sources */ = {isa = PBXBuildFile; fileRef = 77AB23841ABBB4D3005E7499 /* BikeViewData.swift */; };
		77AB238B1ABBBBAD005E7499 /* BikeTableViewController.swift in Sources */ = {isa = PBXBuildFile; fileRef = 77AB238A1ABBBBAD005E7499 /* BikeTableViewController.swift */; };
		77AB23991ABBC3CC005E7499 /* GoogleMaps.framework in Frameworks */ = {isa = PBXBuildFile; fileRef = 77AB23981ABBC3CC005E7499 /* GoogleMaps.framework */; };
		77AB239B1ABBC3FA005E7499 /* GoogleMaps.bundle in Resources */ = {isa = PBXBuildFile; fileRef = 77AB239A1ABBC3FA005E7499 /* GoogleMaps.bundle */; };
		77BE7A381ABC0CF000DDD094 /* GoogleMobileAds.framework in Frameworks */ = {isa = PBXBuildFile; fileRef = 77BE7A361ABC0CF000DDD094 /* GoogleMobileAds.framework */; };
		77BE7A391ABC0CF000DDD094 /* README.txt in Resources */ = {isa = PBXBuildFile; fileRef = 77BE7A371ABC0CF000DDD094 /* README.txt */; };
		77BE7A3B1ABC0D3900DDD094 /* AdSupport.framework in Frameworks */ = {isa = PBXBuildFile; fileRef = 77BE7A3A1ABC0D3900DDD094 /* AdSupport.framework */; };
		77BE7A3D1ABC0D4A00DDD094 /* AudioToolbox.framework in Frameworks */ = {isa = PBXBuildFile; fileRef = 77BE7A3C1ABC0D4A00DDD094 /* AudioToolbox.framework */; };
		77BE7A3F1ABC0D6B00DDD094 /* CoreGraphics.framework in Frameworks */ = {isa = PBXBuildFile; fileRef = 77BE7A3E1ABC0D6B00DDD094 /* CoreGraphics.framework */; };
		77BE7A411ABC0D7B00DDD094 /* CoreTelephony.framework in Frameworks */ = {isa = PBXBuildFile; fileRef = 77BE7A401ABC0D7B00DDD094 /* CoreTelephony.framework */; };
		77BE7A431ABC0D8B00DDD094 /* EventKit.framework in Frameworks */ = {isa = PBXBuildFile; fileRef = 77BE7A421ABC0D8B00DDD094 /* EventKit.framework */; };
		77BE7A451ABC0D9A00DDD094 /* EventKitUI.framework in Frameworks */ = {isa = PBXBuildFile; fileRef = 77BE7A441ABC0D9A00DDD094 /* EventKitUI.framework */; };
		77BE7A471ABC0DA900DDD094 /* MessageUI.framework in Frameworks */ = {isa = PBXBuildFile; fileRef = 77BE7A461ABC0DA900DDD094 /* MessageUI.framework */; };
		77E57E231ABBAA1600A8870F /* AppDelegate.swift in Sources */ = {isa = PBXBuildFile; fileRef = 77E57E221ABBAA1600A8870F /* AppDelegate.swift */; };
		77E57E251ABBAA1600A8870F /* ViewController.swift in Sources */ = {isa = PBXBuildFile; fileRef = 77E57E241ABBAA1600A8870F /* ViewController.swift */; };
		77E57E281ABBAA1600A8870F /* Main.storyboard in Resources */ = {isa = PBXBuildFile; fileRef = 77E57E261ABBAA1600A8870F /* Main.storyboard */; };
		77E57E2A1ABBAA1600A8870F /* Images.xcassets in Resources */ = {isa = PBXBuildFile; fileRef = 77E57E291ABBAA1600A8870F /* Images.xcassets */; };
		77E57E2D1ABBAA1600A8870F /* LaunchScreen.xib in Resources */ = {isa = PBXBuildFile; fileRef = 77E57E2B1ABBAA1600A8870F /* LaunchScreen.xib */; };
		77E57E391ABBAA1700A8870F /* IBikeMapTests.swift in Sources */ = {isa = PBXBuildFile; fileRef = 77E57E381ABBAA1700A8870F /* IBikeMapTests.swift */; };
		77E57E4A1ABBAC5D00A8870F /* AVFoundation.framework in Frameworks */ = {isa = PBXBuildFile; fileRef = 77E57E491ABBAC5D00A8870F /* AVFoundation.framework */; };
		77E57E4C1ABBAC6700A8870F /* CoreData.framework in Frameworks */ = {isa = PBXBuildFile; fileRef = 77E57E4B1ABBAC6700A8870F /* CoreData.framework */; };
		77E57E4E1ABBAC7400A8870F /* CoreLocation.framework in Frameworks */ = {isa = PBXBuildFile; fileRef = 77E57E4D1ABBAC7400A8870F /* CoreLocation.framework */; };
		77E57E501ABBAC7E00A8870F /* CoreText.framework in Frameworks */ = {isa = PBXBuildFile; fileRef = 77E57E4F1ABBAC7E00A8870F /* CoreText.framework */; };
		77E57E521ABBAC8F00A8870F /* GLKit.framework in Frameworks */ = {isa = PBXBuildFile; fileRef = 77E57E511ABBAC8F00A8870F /* GLKit.framework */; };
		77E57E541ABBAC9C00A8870F /* ImageIO.framework in Frameworks */ = {isa = PBXBuildFile; fileRef = 77E57E531ABBAC9C00A8870F /* ImageIO.framework */; };
		77E57E561ABBACAC00A8870F /* libc++.dylib in Frameworks */ = {isa = PBXBuildFile; fileRef = 77E57E551ABBACAC00A8870F /* libc++.dylib */; };
		77E57E581ABBACBB00A8870F /* libicucore.dylib in Frameworks */ = {isa = PBXBuildFile; fileRef = 77E57E571ABBACBB00A8870F /* libicucore.dylib */; };
		77E57E5A1ABBACC800A8870F /* libz.dylib in Frameworks */ = {isa = PBXBuildFile; fileRef = 77E57E591ABBACC800A8870F /* libz.dylib */; };
		77E57E5C1ABBACD300A8870F /* OpenGLES.framework in Frameworks */ = {isa = PBXBuildFile; fileRef = 77E57E5B1ABBACD300A8870F /* OpenGLES.framework */; };
		77E57E5E1ABBACDC00A8870F /* QuartzCore.framework in Frameworks */ = {isa = PBXBuildFile; fileRef = 77E57E5D1ABBACDC00A8870F /* QuartzCore.framework */; };
		77E57E601ABBACE600A8870F /* SystemConfiguration.framework in Frameworks */ = {isa = PBXBuildFile; fileRef = 77E57E5F1ABBACE600A8870F /* SystemConfiguration.framework */; };
		77E6673D1AC1AD8500229B58 /* StoreKit.framework in Frameworks */ = {isa = PBXBuildFile; fileRef = 77E6673C1AC1AD8500229B58 /* StoreKit.framework */; };
/* End PBXBuildFile section */

/* Begin PBXContainerItemProxy section */
		77E57E331ABBAA1700A8870F /* PBXContainerItemProxy */ = {
			isa = PBXContainerItemProxy;
			containerPortal = 77E57E151ABBAA1600A8870F /* Project object */;
			proxyType = 1;
			remoteGlobalIDString = 77E57E1C1ABBAA1600A8870F;
			remoteInfo = IBikeMap;
		};
/* End PBXContainerItemProxy section */

/* Begin PBXFileReference section */
		7734C57F1AC146E70023B4A2 /* FavoriteTableViewController.swift */ = {isa = PBXFileReference; fileEncoding = 4; lastKnownFileType = sourcecode.swift; path = FavoriteTableViewController.swift; sourceTree = "<group>"; };
		7734C5851AC167220023B4A2 /* Data.plist */ = {isa = PBXFileReference; fileEncoding = 4; lastKnownFileType = text.plist.xml; path = Data.plist; sourceTree = "<group>"; };
		778FBC7F1AC3060700B63B3D /* zh-Hant */ = {isa = PBXFileReference; lastKnownFileType = text.plist.strings; name = "zh-Hant"; path = "zh-Hant.lproj/Main.strings"; sourceTree = "<group>"; };
		778FBC801AC3060800B63B3D /* zh-Hant */ = {isa = PBXFileReference; lastKnownFileType = text.plist.strings; name = "zh-Hant"; path = "zh-Hant.lproj/LaunchScreen.strings"; sourceTree = "<group>"; };
		77A184C41AD415E200E40161 /* star.png */ = {isa = PBXFileReference; lastKnownFileType = image.png; path = star.png; sourceTree = "<group>"; };
		77A184C51AD415E200E40161 /* un_star.png */ = {isa = PBXFileReference; lastKnownFileType = image.png; path = un_star.png; sourceTree = "<group>"; };
		77AB23821ABBB4D3005E7499 /* BikeData.swift */ = {isa = PBXFileReference; fileEncoding = 4; lastKnownFileType = sourcecode.swift; path = BikeData.swift; sourceTree = "<group>"; };
		77AB23831ABBB4D3005E7499 /* BikeDetail.swift */ = {isa = PBXFileReference; fileEncoding = 4; lastKnownFileType = sourcecode.swift; path = BikeDetail.swift; sourceTree = "<group>"; };
		77AB23841ABBB4D3005E7499 /* BikeViewData.swift */ = {isa = PBXFileReference; fileEncoding = 4; lastKnownFileType = sourcecode.swift; path = BikeViewData.swift; sourceTree = "<group>"; };
		77AB238A1ABBBBAD005E7499 /* BikeTableViewController.swift */ = {isa = PBXFileReference; fileEncoding = 4; lastKnownFileType = sourcecode.swift; path = BikeTableViewController.swift; sourceTree = "<group>"; };
		77AB23981ABBC3CC005E7499 /* GoogleMaps.framework */ = {isa = PBXFileReference; lastKnownFileType = wrapper.framework; path = GoogleMaps.framework; sourceTree = "<group>"; };
		77AB239A1ABBC3FA005E7499 /* GoogleMaps.bundle */ = {isa = PBXFileReference; lastKnownFileType = "wrapper.plug-in"; name = GoogleMaps.bundle; path = GoogleMaps.framework/Versions/A/Resources/GoogleMaps.bundle; sourceTree = "<group>"; };
		77BE7A361ABC0CF000DDD094 /* GoogleMobileAds.framework */ = {isa = PBXFileReference; lastKnownFileType = wrapper.framework; path = GoogleMobileAds.framework; sourceTree = "<group>"; };
		77BE7A371ABC0CF000DDD094 /* README.txt */ = {isa = PBXFileReference; fileEncoding = 4; lastKnownFileType = text; path = README.txt; sourceTree = "<group>"; };
		77BE7A3A1ABC0D3900DDD094 /* AdSupport.framework */ = {isa = PBXFileReference; lastKnownFileType = wrapper.framework; name = AdSupport.framework; path = System/Library/Frameworks/AdSupport.framework; sourceTree = SDKROOT; };
		77BE7A3C1ABC0D4A00DDD094 /* AudioToolbox.framework */ = {isa = PBXFileReference; lastKnownFileType = wrapper.framework; name = AudioToolbox.framework; path = System/Library/Frameworks/AudioToolbox.framework; sourceTree = SDKROOT; };
		77BE7A3E1ABC0D6B00DDD094 /* CoreGraphics.framework */ = {isa = PBXFileReference; lastKnownFileType = wrapper.framework; name = CoreGraphics.framework; path = System/Library/Frameworks/CoreGraphics.framework; sourceTree = SDKROOT; };
		77BE7A401ABC0D7B00DDD094 /* CoreTelephony.framework */ = {isa = PBXFileReference; lastKnownFileType = wrapper.framework; name = CoreTelephony.framework; path = System/Library/Frameworks/CoreTelephony.framework; sourceTree = SDKROOT; };
		77BE7A421ABC0D8B00DDD094 /* EventKit.framework */ = {isa = PBXFileReference; lastKnownFileType = wrapper.framework; name = EventKit.framework; path = System/Library/Frameworks/EventKit.framework; sourceTree = SDKROOT; };
		77BE7A441ABC0D9A00DDD094 /* EventKitUI.framework */ = {isa = PBXFileReference; lastKnownFileType = wrapper.framework; name = EventKitUI.framework; path = System/Library/Frameworks/EventKitUI.framework; sourceTree = SDKROOT; };
		77BE7A461ABC0DA900DDD094 /* MessageUI.framework */ = {isa = PBXFileReference; lastKnownFileType = wrapper.framework; name = MessageUI.framework; path = System/Library/Frameworks/MessageUI.framework; sourceTree = SDKROOT; };
		77E57E1D1ABBAA1600A8870F /* IBikeMap.app */ = {isa = PBXFileReference; explicitFileType = wrapper.application; includeInIndex = 0; path = IBikeMap.app; sourceTree = BUILT_PRODUCTS_DIR; };
		77E57E211ABBAA1600A8870F /* Info.plist */ = {isa = PBXFileReference; lastKnownFileType = text.plist.xml; path = Info.plist; sourceTree = "<group>"; };
		77E57E221ABBAA1600A8870F /* AppDelegate.swift */ = {isa = PBXFileReference; lastKnownFileType = sourcecode.swift; path = AppDelegate.swift; sourceTree = "<group>"; };
		77E57E241ABBAA1600A8870F /* ViewController.swift */ = {isa = PBXFileReference; lastKnownFileType = sourcecode.swift; path = ViewController.swift; sourceTree = "<group>"; };
		77E57E271ABBAA1600A8870F /* Base */ = {isa = PBXFileReference; lastKnownFileType = file.storyboard; name = Base; path = Base.lproj/Main.storyboard; sourceTree = "<group>"; };
		77E57E291ABBAA1600A8870F /* Images.xcassets */ = {isa = PBXFileReference; lastKnownFileType = folder.assetcatalog; path = Images.xcassets; sourceTree = "<group>"; };
		77E57E2C1ABBAA1600A8870F /* Base */ = {isa = PBXFileReference; lastKnownFileType = file.xib; name = Base; path = Base.lproj/LaunchScreen.xib; sourceTree = "<group>"; };
		77E57E321ABBAA1700A8870F /* IBikeMapTests.xctest */ = {isa = PBXFileReference; explicitFileType = wrapper.cfbundle; includeInIndex = 0; path = IBikeMapTests.xctest; sourceTree = BUILT_PRODUCTS_DIR; };
		77E57E371ABBAA1700A8870F /* Info.plist */ = {isa = PBXFileReference; lastKnownFileType = text.plist.xml; path = Info.plist; sourceTree = "<group>"; };
		77E57E381ABBAA1700A8870F /* IBikeMapTests.swift */ = {isa = PBXFileReference; lastKnownFileType = sourcecode.swift; path = IBikeMapTests.swift; sourceTree = "<group>"; };
		77E57E481ABBABEC00A8870F /* IBikeMap-Bridging-Header.h */ = {isa = PBXFileReference; lastKnownFileType = sourcecode.c.h; path = "IBikeMap-Bridging-Header.h"; sourceTree = "<group>"; };
		77E57E491ABBAC5D00A8870F /* AVFoundation.framework */ = {isa = PBXFileReference; lastKnownFileType = wrapper.framework; name = AVFoundation.framework; path = System/Library/Frameworks/AVFoundation.framework; sourceTree = SDKROOT; };
		77E57E4B1ABBAC6700A8870F /* CoreData.framework */ = {isa = PBXFileReference; lastKnownFileType = wrapper.framework; name = CoreData.framework; path = System/Library/Frameworks/CoreData.framework; sourceTree = SDKROOT; };
		77E57E4D1ABBAC7400A8870F /* CoreLocation.framework */ = {isa = PBXFileReference; lastKnownFileType = wrapper.framework; name = CoreLocation.framework; path = System/Library/Frameworks/CoreLocation.framework; sourceTree = SDKROOT; };
		77E57E4F1ABBAC7E00A8870F /* CoreText.framework */ = {isa = PBXFileReference; lastKnownFileType = wrapper.framework; name = CoreText.framework; path = System/Library/Frameworks/CoreText.framework; sourceTree = SDKROOT; };
		77E57E511ABBAC8F00A8870F /* GLKit.framework */ = {isa = PBXFileReference; lastKnownFileType = wrapper.framework; name = GLKit.framework; path = System/Library/Frameworks/GLKit.framework; sourceTree = SDKROOT; };
		77E57E531ABBAC9C00A8870F /* ImageIO.framework */ = {isa = PBXFileReference; lastKnownFileType = wrapper.framework; name = ImageIO.framework; path = System/Library/Frameworks/ImageIO.framework; sourceTree = SDKROOT; };
		77E57E551ABBACAC00A8870F /* libc++.dylib */ = {isa = PBXFileReference; lastKnownFileType = "compiled.mach-o.dylib"; name = "libc++.dylib"; path = "usr/lib/libc++.dylib"; sourceTree = SDKROOT; };
		77E57E571ABBACBB00A8870F /* libicucore.dylib */ = {isa = PBXFileReference; lastKnownFileType = "compiled.mach-o.dylib"; name = libicucore.dylib; path = usr/lib/libicucore.dylib; sourceTree = SDKROOT; };
		77E57E591ABBACC800A8870F /* libz.dylib */ = {isa = PBXFileReference; lastKnownFileType = "compiled.mach-o.dylib"; name = libz.dylib; path = usr/lib/libz.dylib; sourceTree = SDKROOT; };
		77E57E5B1ABBACD300A8870F /* OpenGLES.framework */ = {isa = PBXFileReference; lastKnownFileType = wrapper.framework; name = OpenGLES.framework; path = System/Library/Frameworks/OpenGLES.framework; sourceTree = SDKROOT; };
		77E57E5D1ABBACDC00A8870F /* QuartzCore.framework */ = {isa = PBXFileReference; lastKnownFileType = wrapper.framework; name = QuartzCore.framework; path = System/Library/Frameworks/QuartzCore.framework; sourceTree = SDKROOT; };
		77E57E5F1ABBACE600A8870F /* SystemConfiguration.framework */ = {isa = PBXFileReference; lastKnownFileType = wrapper.framework; name = SystemConfiguration.framework; path = System/Library/Frameworks/SystemConfiguration.framework; sourceTree = SDKROOT; };
		77E6673C1AC1AD8500229B58 /* StoreKit.framework */ = {isa = PBXFileReference; lastKnownFileType = wrapper.framework; name = StoreKit.framework; path = System/Library/Frameworks/StoreKit.framework; sourceTree = SDKROOT; };
/* End PBXFileReference section */

/* Begin PBXFrameworksBuildPhase section */
		77E57E1A1ABBAA1600A8870F /* Frameworks */ = {
			isa = PBXFrameworksBuildPhase;
			buildActionMask = 2147483647;
			files = (
				77BE7A471ABC0DA900DDD094 /* MessageUI.framework in Frameworks */,
				77BE7A451ABC0D9A00DDD094 /* EventKitUI.framework in Frameworks */,
				77BE7A431ABC0D8B00DDD094 /* EventKit.framework in Frameworks */,
				77BE7A411ABC0D7B00DDD094 /* CoreTelephony.framework in Frameworks */,
				77BE7A3F1ABC0D6B00DDD094 /* CoreGraphics.framework in Frameworks */,
				77BE7A3D1ABC0D4A00DDD094 /* AudioToolbox.framework in Frameworks */,
				77BE7A3B1ABC0D3900DDD094 /* AdSupport.framework in Frameworks */,
				77E57E601ABBACE600A8870F /* SystemConfiguration.framework in Frameworks */,
				77E57E5E1ABBACDC00A8870F /* QuartzCore.framework in Frameworks */,
				77E57E5C1ABBACD300A8870F /* OpenGLES.framework in Frameworks */,
				77E57E5A1ABBACC800A8870F /* libz.dylib in Frameworks */,
				77E57E581ABBACBB00A8870F /* libicucore.dylib in Frameworks */,
				77E57E561ABBACAC00A8870F /* libc++.dylib in Frameworks */,
				77E57E541ABBAC9C00A8870F /* ImageIO.framework in Frameworks */,
				77E57E521ABBAC8F00A8870F /* GLKit.framework in Frameworks */,
				77E57E501ABBAC7E00A8870F /* CoreText.framework in Frameworks */,
				77AB23991ABBC3CC005E7499 /* GoogleMaps.framework in Frameworks */,
				77E57E4E1ABBAC7400A8870F /* CoreLocation.framework in Frameworks */,
				77E57E4C1ABBAC6700A8870F /* CoreData.framework in Frameworks */,
				77BE7A381ABC0CF000DDD094 /* GoogleMobileAds.framework in Frameworks */,
				77E57E4A1ABBAC5D00A8870F /* AVFoundation.framework in Frameworks */,
				77E6673D1AC1AD8500229B58 /* StoreKit.framework in Frameworks */,
			);
			runOnlyForDeploymentPostprocessing = 0;
		};
		77E57E2F1ABBAA1700A8870F /* Frameworks */ = {
			isa = PBXFrameworksBuildPhase;
			buildActionMask = 2147483647;
			files = (
			);
			runOnlyForDeploymentPostprocessing = 0;
		};
/* End PBXFrameworksBuildPhase section */

/* Begin PBXGroup section */
		77AB23811ABBB4B8005E7499 /* Model */ = {
			isa = PBXGroup;
			children = (
				77AB23821ABBB4D3005E7499 /* BikeData.swift */,
				77AB23831ABBB4D3005E7499 /* BikeDetail.swift */,
				77AB23841ABBB4D3005E7499 /* BikeViewData.swift */,
			);
			name = Model;
			sourceTree = "<group>";
		};
		77AB23881ABBB4EF005E7499 /* Controller */ = {
			isa = PBXGroup;
			children = (
				77AB238A1ABBBBAD005E7499 /* BikeTableViewController.swift */,
				77E57E241ABBAA1600A8870F /* ViewController.swift */,
				7734C57F1AC146E70023B4A2 /* FavoriteTableViewController.swift */,
			);
			name = Controller;
			sourceTree = "<group>";
		};
		77AB23891ABBB500005E7499 /* View */ = {
			isa = PBXGroup;
			children = (
				77E57E291ABBAA1600A8870F /* Images.xcassets */,
				77E57E261ABBAA1600A8870F /* Main.storyboard */,
				77E57E2B1ABBAA1600A8870F /* LaunchScreen.xib */,
				77E57E221ABBAA1600A8870F /* AppDelegate.swift */,
			);
			name = View;
			sourceTree = "<group>";
		};
		77BE7A351ABC0CF000DDD094 /* GoogleMobileAdsSdkiOS-7.0.0 */ = {
			isa = PBXGroup;
			children = (
				77BE7A361ABC0CF000DDD094 /* GoogleMobileAds.framework */,
				77BE7A371ABC0CF000DDD094 /* README.txt */,
			);
			path = "GoogleMobileAdsSdkiOS-7.0.0";
			sourceTree = "<group>";
		};
		77E57E141ABBAA1600A8870F = {
			isa = PBXGroup;
			children = (
				77E57E1F1ABBAA1600A8870F /* IBikeMap */,
				77E57E351ABBAA1700A8870F /* IBikeMapTests */,
				77E57E1E1ABBAA1600A8870F /* Products */,
				77E57E421ABBAAEB00A8870F /* Frameworks */,
			);
			sourceTree = "<group>";
		};
		77E57E1E1ABBAA1600A8870F /* Products */ = {
			isa = PBXGroup;
			children = (
				77E57E1D1ABBAA1600A8870F /* IBikeMap.app */,
				77E57E321ABBAA1700A8870F /* IBikeMapTests.xctest */,
			);
			name = Products;
			sourceTree = "<group>";
		};
		77E57E1F1ABBAA1600A8870F /* IBikeMap */ = {
			isa = PBXGroup;
			children = (
				77AB23811ABBB4B8005E7499 /* Model */,
				77AB23891ABBB500005E7499 /* View */,
				77AB23881ABBB4EF005E7499 /* Controller */,
				77E57E471ABBABC000A8870F /* API */,
				77E57E201ABBAA1600A8870F /* Supporting Files */,
			);
			path = IBikeMap;
			sourceTree = "<group>";
		};
		77E57E201ABBAA1600A8870F /* Supporting Files */ = {
			isa = PBXGroup;
			children = (
				77A184C41AD415E200E40161 /* star.png */,
				77A184C51AD415E200E40161 /* un_star.png */,
				77BE7A351ABC0CF000DDD094 /* GoogleMobileAdsSdkiOS-7.0.0 */,
				77E57E211ABBAA1600A8870F /* Info.plist */,
				7734C5851AC167220023B4A2 /* Data.plist */,
			);
			name = "Supporting Files";
			sourceTree = "<group>";
		};
		77E57E351ABBAA1700A8870F /* IBikeMapTests */ = {
			isa = PBXGroup;
			children = (
				77E57E381ABBAA1700A8870F /* IBikeMapTests.swift */,
				77E57E361ABBAA1700A8870F /* Supporting Files */,
			);
			path = IBikeMapTests;
			sourceTree = "<group>";
		};
		77E57E361ABBAA1700A8870F /* Supporting Files */ = {
			isa = PBXGroup;
			children = (
				77E57E371ABBAA1700A8870F /* Info.plist */,
			);
			name = "Supporting Files";
			sourceTree = "<group>";
		};
		77E57E421ABBAAEB00A8870F /* Frameworks */ = {
			isa = PBXGroup;
			children = (
				77E6673C1AC1AD8500229B58 /* StoreKit.framework */,
				77BE7A461ABC0DA900DDD094 /* MessageUI.framework */,
				77BE7A441ABC0D9A00DDD094 /* EventKitUI.framework */,
				77BE7A421ABC0D8B00DDD094 /* EventKit.framework */,
				77BE7A401ABC0D7B00DDD094 /* CoreTelephony.framework */,
				77BE7A3E1ABC0D6B00DDD094 /* CoreGraphics.framework */,
				77BE7A3C1ABC0D4A00DDD094 /* AudioToolbox.framework */,
				77BE7A3A1ABC0D3900DDD094 /* AdSupport.framework */,
				77AB239A1ABBC3FA005E7499 /* GoogleMaps.bundle */,
				77AB23981ABBC3CC005E7499 /* GoogleMaps.framework */,
				77E57E5F1ABBACE600A8870F /* SystemConfiguration.framework */,
				77E57E5D1ABBACDC00A8870F /* QuartzCore.framework */,
				77E57E5B1ABBACD300A8870F /* OpenGLES.framework */,
				77E57E591ABBACC800A8870F /* libz.dylib */,
				77E57E571ABBACBB00A8870F /* libicucore.dylib */,
				77E57E551ABBACAC00A8870F /* libc++.dylib */,
				77E57E531ABBAC9C00A8870F /* ImageIO.framework */,
				77E57E511ABBAC8F00A8870F /* GLKit.framework */,
				77E57E4F1ABBAC7E00A8870F /* CoreText.framework */,
				77E57E4D1ABBAC7400A8870F /* CoreLocation.framework */,
				77E57E4B1ABBAC6700A8870F /* CoreData.framework */,
				77E57E491ABBAC5D00A8870F /* AVFoundation.framework */,
			);
			name = Frameworks;
			sourceTree = "<group>";
		};
		77E57E471ABBABC000A8870F /* API */ = {
			isa = PBXGroup;
			children = (
				77E57E481ABBABEC00A8870F /* IBikeMap-Bridging-Header.h */,
			);
			name = API;
			sourceTree = "<group>";
		};
/* End PBXGroup section */

/* Begin PBXNativeTarget section */
		77E57E1C1ABBAA1600A8870F /* IBikeMap */ = {
			isa = PBXNativeTarget;
			buildConfigurationList = 77E57E3C1ABBAA1700A8870F /* Build configuration list for PBXNativeTarget "IBikeMap" */;
			buildPhases = (
				77E57E191ABBAA1600A8870F /* Sources */,
				77E57E1A1ABBAA1600A8870F /* Frameworks */,
				77E57E1B1ABBAA1600A8870F /* Resources */,
			);
			buildRules = (
			);
			dependencies = (
			);
			name = IBikeMap;
			productName = IBikeMap;
			productReference = 77E57E1D1ABBAA1600A8870F /* IBikeMap.app */;
			productType = "com.apple.product-type.application";
		};
		77E57E311ABBAA1700A8870F /* IBikeMapTests */ = {
			isa = PBXNativeTarget;
			buildConfigurationList = 77E57E3F1ABBAA1700A8870F /* Build configuration list for PBXNativeTarget "IBikeMapTests" */;
			buildPhases = (
				77E57E2E1ABBAA1700A8870F /* Sources */,
				77E57E2F1ABBAA1700A8870F /* Frameworks */,
				77E57E301ABBAA1700A8870F /* Resources */,
			);
			buildRules = (
			);
			dependencies = (
				77E57E341ABBAA1700A8870F /* PBXTargetDependency */,
			);
			name = IBikeMapTests;
			productName = IBikeMapTests;
			productReference = 77E57E321ABBAA1700A8870F /* IBikeMapTests.xctest */;
			productType = "com.apple.product-type.bundle.unit-test";
		};
/* End PBXNativeTarget section */

/* Begin PBXProject section */
		77E57E151ABBAA1600A8870F /* Project object */ = {
			isa = PBXProject;
			attributes = {
				LastUpgradeCheck = 0620;
				ORGANIZATIONNAME = BeemoLin;
				TargetAttributes = {
					77E57E1C1ABBAA1600A8870F = {
						CreatedOnToolsVersion = 6.2;
						DevelopmentTeam = Z8D7E74G7H;
						SystemCapabilities = {
							com.apple.InAppPurchase = {
								enabled = 1;
							};
							com.apple.Maps.iOS = {
								enabled = 0;
							};
						};
					};
					77E57E311ABBAA1700A8870F = {
						CreatedOnToolsVersion = 6.2;
						TestTargetID = 77E57E1C1ABBAA1600A8870F;
					};
				};
			};
			buildConfigurationList = 77E57E181ABBAA1600A8870F /* Build configuration list for PBXProject "IBikeMap" */;
			compatibilityVersion = "Xcode 3.2";
			developmentRegion = English;
			hasScannedForEncodings = 0;
			knownRegions = (
				en,
				Base,
			);
			mainGroup = 77E57E141ABBAA1600A8870F;
			productRefGroup = 77E57E1E1ABBAA1600A8870F /* Products */;
			projectDirPath = "";
			projectRoot = "";
			targets = (
				77E57E1C1ABBAA1600A8870F /* IBikeMap */,
				77E57E311ABBAA1700A8870F /* IBikeMapTests */,
			);
		};
/* End PBXProject section */

/* Begin PBXResourcesBuildPhase section */
		77E57E1B1ABBAA1600A8870F /* Resources */ = {
			isa = PBXResourcesBuildPhase;
			buildActionMask = 2147483647;
			files = (
				7734C5861AC167220023B4A2 /* Data.plist in Resources */,
				77A184C61AD415E200E40161 /* star.png in Resources */,
				77E57E281ABBAA1600A8870F /* Main.storyboard in Resources */,
				77E57E2D1ABBAA1600A8870F /* LaunchScreen.xib in Resources */,
				77E57E2A1ABBAA1600A8870F /* Images.xcassets in Resources */,
				77AB239B1ABBC3FA005E7499 /* GoogleMaps.bundle in Resources */,
				77A184C71AD415E200E40161 /* un_star.png in Resources */,
				77BE7A391ABC0CF000DDD094 /* README.txt in Resources */,
			);
			runOnlyForDeploymentPostprocessing = 0;
		};
		77E57E301ABBAA1700A8870F /* Resources */ = {
			isa = PBXResourcesBuildPhase;
			buildActionMask = 2147483647;
			files = (
			);
			runOnlyForDeploymentPostprocessing = 0;
		};
/* End PBXResourcesBuildPhase section */

/* Begin PBXSourcesBuildPhase section */
		77E57E191ABBAA1600A8870F /* Sources */ = {
			isa = PBXSourcesBuildPhase;
			buildActionMask = 2147483647;
			files = (
				77AB238B1ABBBBAD005E7499 /* BikeTableViewController.swift in Sources */,
				77AB23851ABBB4D3005E7499 /* BikeData.swift in Sources */,
				77AB23861ABBB4D3005E7499 /* BikeDetail.swift in Sources */,
				77AB23871ABBB4D3005E7499 /* BikeViewData.swift in Sources */,
				77E57E251ABBAA1600A8870F /* ViewController.swift in Sources */,
				77E57E231ABBAA1600A8870F /* AppDelegate.swift in Sources */,
				7734C5801AC146E70023B4A2 /* FavoriteTableViewController.swift in Sources */,
			);
			runOnlyForDeploymentPostprocessing = 0;
		};
		77E57E2E1ABBAA1700A8870F /* Sources */ = {
			isa = PBXSourcesBuildPhase;
			buildActionMask = 2147483647;
			files = (
				77E57E391ABBAA1700A8870F /* IBikeMapTests.swift in Sources */,
			);
			runOnlyForDeploymentPostprocessing = 0;
		};
/* End PBXSourcesBuildPhase section */

/* Begin PBXTargetDependency section */
		77E57E341ABBAA1700A8870F /* PBXTargetDependency */ = {
			isa = PBXTargetDependency;
			target = 77E57E1C1ABBAA1600A8870F /* IBikeMap */;
			targetProxy = 77E57E331ABBAA1700A8870F /* PBXContainerItemProxy */;
		};
/* End PBXTargetDependency section */

/* Begin PBXVariantGroup section */
		77E57E261ABBAA1600A8870F /* Main.storyboard */ = {
			isa = PBXVariantGroup;
			children = (
				77E57E271ABBAA1600A8870F /* Base */,
				778FBC7F1AC3060700B63B3D /* zh-Hant */,
			);
			name = Main.storyboard;
			sourceTree = "<group>";
		};
		77E57E2B1ABBAA1600A8870F /* LaunchScreen.xib */ = {
			isa = PBXVariantGroup;
			children = (
				77E57E2C1ABBAA1600A8870F /* Base */,
				778FBC801AC3060800B63B3D /* zh-Hant */,
			);
			name = LaunchScreen.xib;
			sourceTree = "<group>";
		};
/* End PBXVariantGroup section */

/* Begin XCBuildConfiguration section */
		77E57E3A1ABBAA1700A8870F /* Debug */ = {
			isa = XCBuildConfiguration;
			buildSettings = {
				ALWAYS_SEARCH_USER_PATHS = NO;
				CLANG_CXX_LANGUAGE_STANDARD = "gnu++0x";
				CLANG_CXX_LIBRARY = "libc++";
				CLANG_ENABLE_MODULES = YES;
				CLANG_ENABLE_OBJC_ARC = YES;
				CLANG_WARN_BOOL_CONVERSION = YES;
				CLANG_WARN_CONSTANT_CONVERSION = YES;
				CLANG_WARN_DIRECT_OBJC_ISA_USAGE = YES_ERROR;
				CLANG_WARN_EMPTY_BODY = YES;
				CLANG_WARN_ENUM_CONVERSION = YES;
				CLANG_WARN_INT_CONVERSION = YES;
				CLANG_WARN_OBJC_ROOT_CLASS = YES_ERROR;
				CLANG_WARN_UNREACHABLE_CODE = YES;
				CLANG_WARN__DUPLICATE_METHOD_MATCH = YES;
				"CODE_SIGN_IDENTITY[sdk=iphoneos*]" = "iPhone Developer: ChienHsuan Lin (CGLDM77449)";
				COPY_PHASE_STRIP = NO;
				ENABLE_STRICT_OBJC_MSGSEND = YES;
				GCC_C_LANGUAGE_STANDARD = gnu99;
				GCC_DYNAMIC_NO_PIC = NO;
				GCC_OPTIMIZATION_LEVEL = 0;
				GCC_PREPROCESSOR_DEFINITIONS = (
					"DEBUG=1",
					"$(inherited)",
				);
				GCC_SYMBOLS_PRIVATE_EXTERN = NO;
				GCC_WARN_64_TO_32_BIT_CONVERSION = YES;
				GCC_WARN_ABOUT_RETURN_TYPE = YES_ERROR;
				GCC_WARN_UNDECLARED_SELECTOR = YES;
				GCC_WARN_UNINITIALIZED_AUTOS = YES_AGGRESSIVE;
				GCC_WARN_UNUSED_FUNCTION = YES;
				GCC_WARN_UNUSED_VARIABLE = YES;
				IPHONEOS_DEPLOYMENT_TARGET = 8.2;
				MTL_ENABLE_DEBUG_INFO = YES;
				ONLY_ACTIVE_ARCH = YES;
				OTHER_LDFLAGS = "-ObjC";
				SDKROOT = iphoneos;
				SWIFT_OBJC_BRIDGING_HEADER = "IBikeMap/IBikeMap-Bridging-Header.h";
				SWIFT_OPTIMIZATION_LEVEL = "-Onone";
				TARGETED_DEVICE_FAMILY = "1,2";
			};
			name = Debug;
		};
		77E57E3B1ABBAA1700A8870F /* Release */ = {
			isa = XCBuildConfiguration;
			buildSettings = {
				ALWAYS_SEARCH_USER_PATHS = NO;
				CLANG_CXX_LANGUAGE_STANDARD = "gnu++0x";
				CLANG_CXX_LIBRARY = "libc++";
				CLANG_ENABLE_MODULES = YES;
				CLANG_ENABLE_OBJC_ARC = YES;
				CLANG_WARN_BOOL_CONVERSION = YES;
				CLANG_WARN_CONSTANT_CONVERSION = YES;
				CLANG_WARN_DIRECT_OBJC_ISA_USAGE = YES_ERROR;
				CLANG_WARN_EMPTY_BODY = YES;
				CLANG_WARN_ENUM_CONVERSION = YES;
				CLANG_WARN_INT_CONVERSION = YES;
				CLANG_WARN_OBJC_ROOT_CLASS = YES_ERROR;
				CLANG_WARN_UNREACHABLE_CODE = YES;
				CLANG_WARN__DUPLICATE_METHOD_MATCH = YES;
				"CODE_SIGN_IDENTITY[sdk=iphoneos*]" = "iPhone Developer: ChienHsuan Lin (CGLDM77449)";
				COPY_PHASE_STRIP = NO;
				ENABLE_NS_ASSERTIONS = NO;
				ENABLE_STRICT_OBJC_MSGSEND = YES;
				GCC_C_LANGUAGE_STANDARD = gnu99;
				GCC_WARN_64_TO_32_BIT_CONVERSION = YES;
				GCC_WARN_ABOUT_RETURN_TYPE = YES_ERROR;
				GCC_WARN_UNDECLARED_SELECTOR = YES;
				GCC_WARN_UNINITIALIZED_AUTOS = YES_AGGRESSIVE;
				GCC_WARN_UNUSED_FUNCTION = YES;
				GCC_WARN_UNUSED_VARIABLE = YES;
				IPHONEOS_DEPLOYMENT_TARGET = 8.2;
				MTL_ENABLE_DEBUG_INFO = NO;
				OTHER_LDFLAGS = "-ObjC";
				SDKROOT = iphoneos;
				SWIFT_OBJC_BRIDGING_HEADER = "IBikeMap/IBikeMap-Bridging-Header.h";
				TARGETED_DEVICE_FAMILY = "1,2";
				VALIDATE_PRODUCT = YES;
			};
			name = Release;
		};
		77E57E3D1ABBAA1700A8870F /* Debug */ = {
			isa = XCBuildConfiguration;
			buildSettings = {
				ASSETCATALOG_COMPILER_APPICON_NAME = AppIcon;
				ASSETCATALOG_COMPILER_LAUNCHIMAGE_NAME = LaunchImage;
				CODE_SIGN_IDENTITY = "iPhone Developer: ChienHsuan Lin (CGLDM77449)";
				"CODE_SIGN_IDENTITY[sdk=iphoneos*]" = "iPhone Developer: ChienHsuan Lin (CGLDM77449)";
				FRAMEWORK_SEARCH_PATHS = (
					"$(inherited)",
					"$(PROJECT_DIR)",
					"$(PROJECT_DIR)/IBikeMap/GoogleMobileAdsSdkiOS-7.0.0",
				);
				INFOPLIST_FILE = IBikeMap/Info.plist;
				LD_RUNPATH_SEARCH_PATHS = "$(inherited) @executable_path/Frameworks";
				OTHER_LDFLAGS = "-ObjC";
				PRODUCT_NAME = "$(TARGET_NAME)";
				PROVISIONING_PROFILE = "";
			};
			name = Debug;
		};
		77E57E3E1ABBAA1700A8870F /* Release */ = {
			isa = XCBuildConfiguration;
			buildSettings = {
				ASSETCATALOG_COMPILER_APPICON_NAME = AppIcon;
				ASSETCATALOG_COMPILER_LAUNCHIMAGE_NAME = LaunchImage;
				CODE_SIGN_IDENTITY = "iPhone Developer: ChienHsuan Lin (CGLDM77449)";
				"CODE_SIGN_IDENTITY[sdk=iphoneos*]" = "iPhone Developer: ChienHsuan Lin (CGLDM77449)";
				FRAMEWORK_SEARCH_PATHS = (
					"$(inherited)",
					"$(PROJECT_DIR)",
					"$(PROJECT_DIR)/IBikeMap/GoogleMobileAdsSdkiOS-7.0.0",
				);
				INFOPLIST_FILE = IBikeMap/Info.plist;
				LD_RUNPATH_SEARCH_PATHS = "$(inherited) @executable_path/Frameworks";
				OTHER_LDFLAGS = "-ObjC";
				PRODUCT_NAME = "$(TARGET_NAME)";
				PROVISIONING_PROFILE = "";
			};
			name = Release;
		};
		77E57E401ABBAA1700A8870F /* Debug */ = {
			isa = XCBuildConfiguration;
			buildSettings = {
				BUNDLE_LOADER = "$(TEST_HOST)";
				FRAMEWORK_SEARCH_PATHS = (
					"$(SDKROOT)/Developer/Library/Frameworks",
					"$(inherited)",
					"$(PROJECT_DIR)",
				);
				GCC_PREPROCESSOR_DEFINITIONS = (
					"DEBUG=1",
					"$(inherited)",
				);
				INFOPLIST_FILE = IBikeMapTests/Info.plist;
				LD_RUNPATH_SEARCH_PATHS = "$(inherited) @executable_path/Frameworks @loader_path/Frameworks";
				PRODUCT_NAME = "$(TARGET_NAME)";
				SWIFT_OBJC_BRIDGING_HEADER = "";
				TEST_HOST = "$(BUILT_PRODUCTS_DIR)/IBikeMap.app/IBikeMap";
			};
			name = Debug;
		};
		77E57E411ABBAA1700A8870F /* Release */ = {
			isa = XCBuildConfiguration;
			buildSettings = {
				BUNDLE_LOADER = "$(TEST_HOST)";
				FRAMEWORK_SEARCH_PATHS = (
					"$(SDKROOT)/Developer/Library/Frameworks",
					"$(inherited)",
					"$(PROJECT_DIR)",
				);
				INFOPLIST_FILE = IBikeMapTests/Info.plist;
				LD_RUNPATH_SEARCH_PATHS = "$(inherited) @executable_path/Frameworks @loader_path/Frameworks";
				PRODUCT_NAME = "$(TARGET_NAME)";
				SWIFT_OBJC_BRIDGING_HEADER = "";
				TEST_HOST = "$(BUILT_PRODUCTS_DIR)/IBikeMap.app/IBikeMap";
			};
			name = Release;
		};
/* End XCBuildConfiguration section */

/* Begin XCConfigurationList section */
		77E57E181ABBAA1600A8870F /* Build configuration list for PBXProject "IBikeMap" */ = {
			isa = XCConfigurationList;
			buildConfigurations = (
				77E57E3A1ABBAA1700A8870F /* Debug */,
				77E57E3B1ABBAA1700A8870F /* Release */,
			);
			defaultConfigurationIsVisible = 0;
			defaultConfigurationName = Release;
		};
		77E57E3C1ABBAA1700A8870F /* Build configuration list for PBXNativeTarget "IBikeMap" */ = {
			isa = XCConfigurationList;
			buildConfigurations = (
				77E57E3D1ABBAA1700A8870F /* Debug */,
				77E57E3E1ABBAA1700A8870F /* Release */,
			);
			defaultConfigurationIsVisible = 0;
			defaultConfigurationName = Release;
		};
		77E57E3F1ABBAA1700A8870F /* Build configuration list for PBXNativeTarget "IBikeMapTests" */ = {
			isa = XCConfigurationList;
			buildConfigurations = (
				77E57E401ABBAA1700A8870F /* Debug */,
				77E57E411ABBAA1700A8870F /* Release */,
			);
			defaultConfigurationIsVisible = 0;
			defaultConfigurationName = Release;
		};
/* End XCConfigurationList section */
	};
	rootObject = 77E57E151ABBAA1600A8870F /* Project object */;
}
